{
    "version": 3,
    "terraform_version": "0.11.13",
    "serial": 14,
    "lineage": "7096b4df-9dba-a505-6617-ffb71585ef26",
    "modules": [
        {
            "path": [
                "root"
            ],
            "outputs": {
                "instance_id": {
                    "sensitive": false,
                    "type": "string",
                    "value": "e878ef94-d489-48a5-aac4-02edccfcdb6b"
                },
                "private_ip_address": {
                    "sensitive": false,
                    "type": "string",
                    "value": "10.106.174.222"
                },
                "public_ip_address": {
                    "sensitive": false,
                    "type": "string",
                    "value": "144.22.77.217"
                }
            },
            "resources": {
                "opc_compute_instance.instance": {
                    "type": "opc_compute_instance",
                    "depends_on": [
                        "opc_compute_ip_reservation.panda-ip-reservation",
                        "opc_compute_ssh_key.primary",
                        "opc_compute_storage_volume.boot-volume"
                    ],
                    "primary": {
                        "id": "e878ef94-d489-48a5-aac4-02edccfcdb6b",
                        "attributes": {
                            "attributes": "{\"dns\":{\"domain\":\"compute-590405417.oraclecloud.internal.\",\"hostname\":\"panda.compute-590405417.oraclecloud.internal.\",\"nimbula_vcable-eth0\":\"panda.compute-590405417.oraclecloud.internal.\"},\"network\":{\"nimbula_vcable-eth0\":{\"address\":[\"c6:b0:06:69:53:7b\",\"10.106.174.222\"],\"dhcp_options\":[],\"id\":\"/Compute-590405417/gilmar.rodrigues@oracle.com/6a9fa41c-7a5c-49ea-b9cd-0f080191c2b7\",\"model\":\"e1000\",\"vethernet\":\"/oracle/public/default\",\"vethernet_id\":\"0\",\"vethernet_type\":\"vlan\"}},\"sshkeys\":[\"ssh-rsa AAAAB3NzaC1yc2EAAAADAQABAAABAQCm4q7ljmZmSK2Pwn8aDSNCQNR/oM5uQn2xA4ubFh72+zWKf/nHChWz0ACWGSbCzdtKTNFb/VnygtUwpmMGdo35j6VEBFqvYTNCM2GFgKCUOZNtQrMaWCmg/yqiAvTZoHBKaI/9Z04vCGq7ndMqwny6z8sIvESwRmpc1hRKeKTC5gGk7W6LUQmrq+OXFEb2Z67cYhX2w/e49bh1zCQSQuUSVPo7vgtXYf61ES8m2lWXiZdDrduipgzYKlctgdrjzwMhdkf96VDG7/mW+vD6XAneBHL1MFyrHO7hEG065CpwqK3AYYED0l0Mr/UNConQWb9pQzC+k+ddWOYPTPYvggpZ\\n\"]}",
                            "availability_domain": "/brcom-central-1a",
                            "boot_order.#": "1",
                            "boot_order.0": "1",
                            "desired_state": "running",
                            "domain": "compute-590405417.oraclecloud.internal.",
                            "entry": "0",
                            "fingerprint": "",
                            "fqdn": "panda.compute-590405417.oraclecloud.internal.",
                            "hostname": "panda",
                            "id": "e878ef94-d489-48a5-aac4-02edccfcdb6b",
                            "image_format": "raw",
                            "image_list": "",
                            "ip_address": "10.106.174.222",
                            "label": "Panda",
                            "name": "Panda",
                            "networking_info.#": "1",
                            "networking_info.3785958467.dns.#": "1",
                            "networking_info.3785958467.dns.0": "panda.compute-590405417.oraclecloud.internal.",
                            "networking_info.3785958467.index": "0",
                            "networking_info.3785958467.ip_address": "",
                            "networking_info.3785958467.ip_network": "",
                            "networking_info.3785958467.is_default_gateway": "false",
                            "networking_info.3785958467.mac_address": "",
                            "networking_info.3785958467.name_servers.#": "0",
                            "networking_info.3785958467.nat.#": "1",
                            "networking_info.3785958467.nat.0": "b4b6327a-a841-424a-8bab-58961aadb384",
                            "networking_info.3785958467.search_domains.#": "0",
                            "networking_info.3785958467.sec_lists.#": "1",
                            "networking_info.3785958467.sec_lists.0": "default",
                            "networking_info.3785958467.shared_network": "true",
                            "networking_info.3785958467.vnic": "",
                            "networking_info.3785958467.vnic_sets.#": "0",
                            "placement_requirements.#": "3",
                            "placement_requirements.0": "/system/compute/allow_instances",
                            "placement_requirements.1": "/system/compute/placement/default",
                            "placement_requirements.2": "/system/compute/pool/general",
                            "platform": "linux",
                            "priority": "/oracle/public/default",
                            "quota_reservation": "",
                            "relationships.#": "0",
                            "resolvers.#": "0",
                            "reverse_dns": "true",
                            "shape": "oc2m",
                            "site": "",
                            "ssh_keys.#": "1",
                            "ssh_keys.0": "oracle-key",
                            "start_time": "2019-04-22T21:12:31Z",
                            "state": "running",
                            "storage.#": "1",
                            "storage.1580846035.index": "1",
                            "storage.1580846035.name": "/Compute-590405417/gilmar.rodrigues@oracle.com/Panda/e878ef94-d489-48a5-aac4-02edccfcdb6b/45ec7660-6dc3-456d-8d01-f1a13c401b93",
                            "storage.1580846035.volume": "Panda-boot",
                            "tags.#": "0",
                            "vcable": "6a9fa41c-7a5c-49ea-b9cd-0f080191c2b7",
                            "virtio": "false",
                            "vnc_address": "10.106.174.221:5900"
                        },
                        "meta": {
                            "e2bfb730-ecaa-11e6-8f88-34363bc7c4c0": {
                                "create": 1200000000000,
                                "delete": 1200000000000,
                                "update": 1200000000000
                            }
                        },
                        "tainted": false
                    },
                    "deposed": [],
                    "provider": "provider.opc"
                },
                "opc_compute_ip_reservation.panda-ip-reservation": {
                    "type": "opc_compute_ip_reservation",
                    "depends_on": [],
                    "primary": {
                        "id": "b4b6327a-a841-424a-8bab-58961aadb384",
                        "attributes": {
                            "id": "b4b6327a-a841-424a-8bab-58961aadb384",
                            "ip": "144.22.77.217",
                            "name": "b4b6327a-a841-424a-8bab-58961aadb384",
                            "parent_pool": "/oracle/public/ippool",
                            "permanent": "true",
                            "tags.#": "0",
                            "used": "false"
                        },
                        "meta": {},
                        "tainted": false
                    },
                    "deposed": [],
                    "provider": "provider.opc"
                },
                "opc_compute_ssh_key.primary": {
                    "type": "opc_compute_ssh_key",
                    "depends_on": [],
                    "primary": {
                        "id": "oracle-key",
                        "attributes": {
                            "enabled": "true",
                            "id": "oracle-key",
                            "key": "ssh-rsa AAAAB3NzaC1yc2EAAAADAQABAAABAQCm4q7ljmZmSK2Pwn8aDSNCQNR/oM5uQn2xA4ubFh72+zWKf/nHChWz0ACWGSbCzdtKTNFb/VnygtUwpmMGdo35j6VEBFqvYTNCM2GFgKCUOZNtQrMaWCmg/yqiAvTZoHBKaI/9Z04vCGq7ndMqwny6z8sIvESwRmpc1hRKeKTC5gGk7W6LUQmrq+OXFEb2Z67cYhX2w/e49bh1zCQSQuUSVPo7vgtXYf61ES8m2lWXiZdDrduipgzYKlctgdrjzwMhdkf96VDG7/mW+vD6XAneBHL1MFyrHO7hEG065CpwqK3AYYED0l0Mr/UNConQWb9pQzC+k+ddWOYPTPYvggpZ\n",
                            "name": "oracle-key"
                        },
                        "meta": {},
                        "tainted": false
                    },
                    "deposed": [],
                    "provider": "provider.opc"
                },
                "opc_compute_storage_volume.boot-volume": {
                    "type": "opc_compute_storage_volume",
                    "depends_on": [],
                    "primary": {
                        "id": "Panda-boot",
                        "attributes": {
                            "bootable": "true",
                            "description": "Panda boot storage volume ",
                            "hypervisor": "",
                            "id": "Panda-boot",
                            "image_list": "/oracle/public/OL_7.5_UEKR4_x86_64_MIGRATION",
                            "image_list_entry": "1",
                            "machine_image": "/oracle/public/OL_7.5_UEKR4_x86_64_MIGRATION-19.1.6-20190328-195357",
                            "managed": "true",
                            "name": "Panda-boot",
                            "platform": "linux",
                            "readonly": "false",
                            "size": "40",
                            "snapshot": "",
                            "snapshot_account": "",
                            "snapshot_id": "",
                            "status": "Online",
                            "storage_pool": "/brcom-central-1/sp2-opc-c2r115-zfs-1-v1/storagepool/iscsi",
                            "storage_type": "/oracle/public/storage/default",
                            "tags.#": "0",
                            "uri": "http://compute.brcom-central-1.oraclecloud.com/storage/volume/Compute-590405417/gilmar.rodrigues%40oracle.com/Panda-boot"
                        },
                        "meta": {
                            "e2bfb730-ecaa-11e6-8f88-34363bc7c4c0": {
                                "create": 1800000000000,
                                "delete": 1800000000000,
                                "update": 1800000000000
                            }
                        },
                        "tainted": false
                    },
                    "deposed": [],
                    "provider": "provider.opc"
                }
            },
            "depends_on": []
        }
    ]
}
